
Microsoft Visual Studio Solution File, Format Version 12.00
# Visual Studio Version 16
VisualStudioVersion = 16.0.31702.278
MinimumVisualStudioVersion = 10.0.40219.1
Project("{FAE04EC0-301F-11D3-BF4B-00C04F79EFBC}") = "MyScriptureJournal", "MyScriptureJournal.csproj", "{BC4EDEDC-B604-4244-B595-6CB4962E5CDB}"
EndProject
Global
	GlobalSection(SolutionConfigurationPlatforms) = preSolution
		Debug|Any CPU = Debug|Any CPU
		Release|Any CPU = Release|Any CPU
	EndGlobalSection
	GlobalSection(ProjectConfigurationPlatforms) = postSolution
		{BC4EDEDC-B604-4244-B595-6CB4962E5CDB}.Debug|Any CPU.ActiveCfg = Debug|Any CPU
		{BC4EDEDC-B604-4244-B595-6CB4962E5CDB}.Debug|Any CPU.Build.0 = Debug|Any CPU
		{BC4EDEDC-B604-4244-B595-6CB4962E5CDB}.Release|Any CPU.ActiveCfg = Release|Any CPU
		{BC4EDEDC-B604-4244-B595-6CB4962E5CDB}.Release|Any CPU.Build.0 = Release|Any CPU
	EndGlobalSection
	GlobalSection(SolutionProperties) = preSolution
		HideSolutionNode = FALSE
	EndGlobalSection
	GlobalSection(ExtensibilityGlobals) = postSolution
		SolutionGuid = {29454F5A-B17F-44EE-BC1B-F2E74CE022E6}
	EndGlobalSection
EndGlobal
