
Microsoft Visual Studio Solution File, Format Version 12.00
# Visual Studio Version 16
VisualStudioVersion = 16.0.31729.503
MinimumVisualStudioVersion = 10.0.40219.1
Project("{FAE04EC0-301F-11D3-BF4B-00C04F79EFBC}") = "AwesomeApp.Android", "AwesomeApp.Android\AwesomeApp.Android.csproj", "{7715E70F-3C81-4B7D-ADAD-C648A45D60E7}"
EndProject
Project("{FAE04EC0-301F-11D3-BF4B-00C04F79EFBC}") = "AwesomeApp.iOS", "AwesomeApp.iOS\AwesomeApp.iOS.csproj", "{6A60B106-096E-4804-A1E3-E235634EC46E}"
EndProject
Project("{FAE04EC0-301F-11D3-BF4B-00C04F79EFBC}") = "AwesomeApp", "AwesomeApp\AwesomeApp.csproj", "{46B13053-1FCD-4E3A-B60A-DE69E943FCC0}"
EndProject
Global
	GlobalSection(SolutionConfigurationPlatforms) = preSolution
		Debug|Any CPU = Debug|Any CPU
		Debug|iPhone = Debug|iPhone
		Debug|iPhoneSimulator = Debug|iPhoneSimulator
		Release|Any CPU = Release|Any CPU
		Release|iPhone = Release|iPhone
		Release|iPhoneSimulator = Release|iPhoneSimulator
	EndGlobalSection
	GlobalSection(ProjectConfigurationPlatforms) = postSolution
		{7715E70F-3C81-4B7D-ADAD-C648A45D60E7}.Debug|Any CPU.ActiveCfg = Debug|Any CPU
		{7715E70F-3C81-4B7D-ADAD-C648A45D60E7}.Debug|Any CPU.Build.0 = Debug|Any CPU
		{7715E70F-3C81-4B7D-ADAD-C648A45D60E7}.Debug|Any CPU.Deploy.0 = Debug|Any CPU
		{7715E70F-3C81-4B7D-ADAD-C648A45D60E7}.Debug|iPhone.ActiveCfg = Debug|Any CPU
		{7715E70F-3C81-4B7D-ADAD-C648A45D60E7}.Debug|iPhone.Build.0 = Debug|Any CPU
		{7715E70F-3C81-4B7D-ADAD-C648A45D60E7}.Debug|iPhone.Deploy.0 = Debug|Any CPU
		{7715E70F-3C81-4B7D-ADAD-C648A45D60E7}.Debug|iPhoneSimulator.ActiveCfg = Debug|Any CPU
		{7715E70F-3C81-4B7D-ADAD-C648A45D60E7}.Debug|iPhoneSimulator.Build.0 = Debug|Any CPU
		{7715E70F-3C81-4B7D-ADAD-C648A45D60E7}.Debug|iPhoneSimulator.Deploy.0 = Debug|Any CPU
		{7715E70F-3C81-4B7D-ADAD-C648A45D60E7}.Release|Any CPU.ActiveCfg = Release|Any CPU
		{7715E70F-3C81-4B7D-ADAD-C648A45D60E7}.Release|Any CPU.Build.0 = Release|Any CPU
		{7715E70F-3C81-4B7D-ADAD-C648A45D60E7}.Release|Any CPU.Deploy.0 = Release|Any CPU
		{7715E70F-3C81-4B7D-ADAD-C648A45D60E7}.Release|iPhone.ActiveCfg = Release|Any CPU
		{7715E70F-3C81-4B7D-ADAD-C648A45D60E7}.Release|iPhone.Build.0 = Release|Any CPU
		{7715E70F-3C81-4B7D-ADAD-C648A45D60E7}.Release|iPhone.Deploy.0 = Release|Any CPU
		{7715E70F-3C81-4B7D-ADAD-C648A45D60E7}.Release|iPhoneSimulator.ActiveCfg = Release|Any CPU
		{7715E70F-3C81-4B7D-ADAD-C648A45D60E7}.Release|iPhoneSimulator.Build.0 = Release|Any CPU
		{7715E70F-3C81-4B7D-ADAD-C648A45D60E7}.Release|iPhoneSimulator.Deploy.0 = Release|Any CPU
		{6A60B106-096E-4804-A1E3-E235634EC46E}.Debug|Any CPU.ActiveCfg = Debug|iPhone
		{6A60B106-096E-4804-A1E3-E235634EC46E}.Debug|Any CPU.Build.0 = Debug|iPhone
		{6A60B106-096E-4804-A1E3-E235634EC46E}.Debug|Any CPU.Deploy.0 = Debug|iPhone
		{6A60B106-096E-4804-A1E3-E235634EC46E}.Debug|iPhone.ActiveCfg = Debug|iPhone
		{6A60B106-096E-4804-A1E3-E235634EC46E}.Debug|iPhone.Build.0 = Debug|iPhone
		{6A60B106-096E-4804-A1E3-E235634EC46E}.Debug|iPhone.Deploy.0 = Debug|iPhone
		{6A60B106-096E-4804-A1E3-E235634EC46E}.Debug|iPhoneSimulator.ActiveCfg = Debug|iPhoneSimulator
		{6A60B106-096E-4804-A1E3-E235634EC46E}.Debug|iPhoneSimulator.Build.0 = Debug|iPhoneSimulator
		{6A60B106-096E-4804-A1E3-E235634EC46E}.Debug|iPhoneSimulator.Deploy.0 = Debug|iPhoneSimulator
		{6A60B106-096E-4804-A1E3-E235634EC46E}.Release|Any CPU.ActiveCfg = Release|iPhoneSimulator
		{6A60B106-096E-4804-A1E3-E235634EC46E}.Release|Any CPU.Build.0 = Release|iPhoneSimulator
		{6A60B106-096E-4804-A1E3-E235634EC46E}.Release|Any CPU.Deploy.0 = Release|iPhoneSimulator
		{6A60B106-096E-4804-A1E3-E235634EC46E}.Release|iPhone.ActiveCfg = Release|iPhone
		{6A60B106-096E-4804-A1E3-E235634EC46E}.Release|iPhone.Build.0 = Release|iPhone
		{6A60B106-096E-4804-A1E3-E235634EC46E}.Release|iPhone.Deploy.0 = Release|iPhone
		{6A60B106-096E-4804-A1E3-E235634EC46E}.Release|iPhoneSimulator.ActiveCfg = Release|iPhoneSimulator
		{6A60B106-096E-4804-A1E3-E235634EC46E}.Release|iPhoneSimulator.Build.0 = Release|iPhoneSimulator
		{6A60B106-096E-4804-A1E3-E235634EC46E}.Release|iPhoneSimulator.Deploy.0 = Release|iPhoneSimulator
		{46B13053-1FCD-4E3A-B60A-DE69E943FCC0}.Debug|Any CPU.ActiveCfg = Debug|Any CPU
		{46B13053-1FCD-4E3A-B60A-DE69E943FCC0}.Debug|Any CPU.Build.0 = Debug|Any CPU
		{46B13053-1FCD-4E3A-B60A-DE69E943FCC0}.Debug|Any CPU.Deploy.0 = Debug|Any CPU
		{46B13053-1FCD-4E3A-B60A-DE69E943FCC0}.Debug|iPhone.ActiveCfg = Debug|Any CPU
		{46B13053-1FCD-4E3A-B60A-DE69E943FCC0}.Debug|iPhone.Build.0 = Debug|Any CPU
		{46B13053-1FCD-4E3A-B60A-DE69E943FCC0}.Debug|iPhone.Deploy.0 = Debug|Any CPU
		{46B13053-1FCD-4E3A-B60A-DE69E943FCC0}.Debug|iPhoneSimulator.ActiveCfg = Debug|Any CPU
		{46B13053-1FCD-4E3A-B60A-DE69E943FCC0}.Debug|iPhoneSimulator.Build.0 = Debug|Any CPU
		{46B13053-1FCD-4E3A-B60A-DE69E943FCC0}.Debug|iPhoneSimulator.Deploy.0 = Debug|Any CPU
		{46B13053-1FCD-4E3A-B60A-DE69E943FCC0}.Release|Any CPU.ActiveCfg = Release|Any CPU
		{46B13053-1FCD-4E3A-B60A-DE69E943FCC0}.Release|Any CPU.Build.0 = Release|Any CPU
		{46B13053-1FCD-4E3A-B60A-DE69E943FCC0}.Release|Any CPU.Deploy.0 = Release|Any CPU
		{46B13053-1FCD-4E3A-B60A-DE69E943FCC0}.Release|iPhone.ActiveCfg = Release|Any CPU
		{46B13053-1FCD-4E3A-B60A-DE69E943FCC0}.Release|iPhone.Build.0 = Release|Any CPU
		{46B13053-1FCD-4E3A-B60A-DE69E943FCC0}.Release|iPhone.Deploy.0 = Release|Any CPU
		{46B13053-1FCD-4E3A-B60A-DE69E943FCC0}.Release|iPhoneSimulator.ActiveCfg = Release|Any CPU
		{46B13053-1FCD-4E3A-B60A-DE69E943FCC0}.Release|iPhoneSimulator.Build.0 = Release|Any CPU
		{46B13053-1FCD-4E3A-B60A-DE69E943FCC0}.Release|iPhoneSimulator.Deploy.0 = Release|Any CPU
	EndGlobalSection
	GlobalSection(SolutionProperties) = preSolution
		HideSolutionNode = FALSE
	EndGlobalSection
	GlobalSection(ExtensibilityGlobals) = postSolution
		SolutionGuid = {FFA27495-1742-4C37-B513-B49E4AA2D34B}
	EndGlobalSection
EndGlobal
