
Microsoft Visual Studio Solution File, Format Version 12.00
# Visual Studio Version 16
VisualStudioVersion = 16.0.31729.503
MinimumVisualStudioVersion = 10.0.40219.1
Project("{FAE04EC0-301F-11D3-BF4B-00C04F79EFBC}") = "ContosoUniversity", "ContosoUniversity.csproj", "{C089789E-86E6-4BCD-AA68-D74E7AC1D2CE}"
EndProject
Global
	GlobalSection(SolutionConfigurationPlatforms) = preSolution
		Debug|Any CPU = Debug|Any CPU
		Release|Any CPU = Release|Any CPU
	EndGlobalSection
	GlobalSection(ProjectConfigurationPlatforms) = postSolution
		{C089789E-86E6-4BCD-AA68-D74E7AC1D2CE}.Debug|Any CPU.ActiveCfg = Debug|Any CPU
		{C089789E-86E6-4BCD-AA68-D74E7AC1D2CE}.Debug|Any CPU.Build.0 = Debug|Any CPU
		{C089789E-86E6-4BCD-AA68-D74E7AC1D2CE}.Release|Any CPU.ActiveCfg = Release|Any CPU
		{C089789E-86E6-4BCD-AA68-D74E7AC1D2CE}.Release|Any CPU.Build.0 = Release|Any CPU
	EndGlobalSection
	GlobalSection(SolutionProperties) = preSolution
		HideSolutionNode = FALSE
	EndGlobalSection
	GlobalSection(ExtensibilityGlobals) = postSolution
		SolutionGuid = {1C298DEF-BB20-43E2-84C1-AF1C284EB3BF}
	EndGlobalSection
EndGlobal
