
Microsoft Visual Studio Solution File, Format Version 12.00
# Visual Studio Version 16
VisualStudioVersion = 16.0.31702.278
MinimumVisualStudioVersion = 10.0.40219.1
Project("{FAE04EC0-301F-11D3-BF4B-00C04F79EFBC}") = "Classes", "Classes.csproj", "{37CA5EDC-BB3D-4480-B1DA-766E088783F6}"
EndProject
Global
	GlobalSection(SolutionConfigurationPlatforms) = preSolution
		Debug|Any CPU = Debug|Any CPU
		Release|Any CPU = Release|Any CPU
	EndGlobalSection
	GlobalSection(ProjectConfigurationPlatforms) = postSolution
		{37CA5EDC-BB3D-4480-B1DA-766E088783F6}.Debug|Any CPU.ActiveCfg = Debug|Any CPU
		{37CA5EDC-BB3D-4480-B1DA-766E088783F6}.Debug|Any CPU.Build.0 = Debug|Any CPU
		{37CA5EDC-BB3D-4480-B1DA-766E088783F6}.Release|Any CPU.ActiveCfg = Release|Any CPU
		{37CA5EDC-BB3D-4480-B1DA-766E088783F6}.Release|Any CPU.Build.0 = Release|Any CPU
	EndGlobalSection
	GlobalSection(SolutionProperties) = preSolution
		HideSolutionNode = FALSE
	EndGlobalSection
	GlobalSection(ExtensibilityGlobals) = postSolution
		SolutionGuid = {44FC397A-F4A6-4B69-9B41-7D60F07D1D25}
	EndGlobalSection
EndGlobal
